{
  "name": "@tron/jwt-cli-utility",
  "version": "1.0.0",
  "lockfileVersion": 2,
  "requires": true,
  "packages": {
    "": {
      "name": "@tron/jwt-cli-utility",
      "version": "1.0.0",
      "license": "ISC",
      "dependencies": {
        "blessed": "^0.1.81",
        "http-proxy": "^1.18.1",
        "jwt-simple": "^0.5.6",
        "nopt": "^5.0.0"
      },
      "bin": {
        "jwt-proxy": "bin/index.js"
      }
    },
    "node_modules/abbrev": {
      "version": "1.1.1",
      "resolved": "https://registry.npmjs.org/abbrev/-/abbrev-1.1.1.tgz",
      "integrity": "sha512-nne9/IiQ/hzIhY6pdDnbBtz7DjPTKrY00P/zvPSm5pOFkl6xuGrGnXn/VtTNNfNtAfZ9/1RtehkszU9qcTii0Q=="
    },
    "node_modules/blessed": {
      "version": "0.1.81",
      "resolved": "https://registry.npmjs.org/blessed/-/blessed-0.1.81.tgz",
      "integrity": "sha1-+WLWh+wsNpVwrnGvhDJW5tDKESk="
    },
    "node_modules/eventemitter3": {
      "version": "4.0.7",
      "resolved": "https://registry.npmjs.org/eventemitter3/-/eventemitter3-4.0.7.tgz",
      "integrity": "sha512-8guHBZCwKnFhYdHr2ysuRWErTwhoN2X8XELRlrRwpmfeY2jjuUN4taQMsULKUVo1K4DvZl+0pgfyoysHxvmvEw=="
    },
    "node_modules/follow-redirects": {
      "version": "1.13.0",
      "resolved": "https://registry.npmjs.org/follow-redirects/-/follow-redirects-1.13.0.tgz",
      "integrity": "sha512-aq6gF1BEKje4a9i9+5jimNFIpq4Q1WiwBToeRK5NvZBd/TRsmW8BsJfOEGkr76TbOyPVD3OVDN910EcUNtRYEA=="
    },
    "node_modules/http-proxy": {
      "version": "1.18.1",
      "resolved": "https://registry.npmjs.org/http-proxy/-/http-proxy-1.18.1.tgz",
      "integrity": "sha512-7mz/721AbnJwIVbnaSv1Cz3Am0ZLT/UBwkC92VlxhXv/k/BBQfM2fXElQNC27BVGr0uwUpplYPQM9LnaBMR5NQ==",
      "dependencies": {
        "eventemitter3": "^4.0.0",
        "follow-redirects": "^1.0.0",
        "requires-port": "^1.0.0"
      }
    },
    "node_modules/jwt-simple": {
      "version": "0.5.6",
      "resolved": "https://registry.npmjs.org/jwt-simple/-/jwt-simple-0.5.6.tgz",
      "integrity": "sha512-40aUybvhH9t2h71ncA1/1SbtTNCVZHgsTsTgqPUxGWDmUDrXyDf2wMNQKEbdBjbf4AI+fQhbECNTV6lWxQKUzg=="
    },
    "node_modules/nopt": {
      "version": "5.0.0",
      "resolved": "https://registry.npmjs.org/nopt/-/nopt-5.0.0.tgz",
      "integrity": "sha512-Tbj67rffqceeLpcRXrT7vKAN8CwfPeIBgM7E6iBkmKLV7bEMwpGgYLGv0jACUsECaa/vuxP0IjEont6umdMgtQ==",
      "dependencies": {
        "abbrev": "1"
      },
      "bin": {
        "nopt": "bin/nopt.js"
      },
      "engines": {
        "node": ">=6"
      }
    },
    "node_modules/requires-port": {
      "version": "1.0.0",
      "resolved": "https://registry.npmjs.org/requires-port/-/requires-port-1.0.0.tgz",
      "integrity": "sha1-kl0mAdOaxIXgkc8NpcbmlNw9yv8="
    }
  },
  "dependencies": {
    "abbrev": {
      "version": "1.1.1",
      "resolved": "https://registry.npmjs.org/abbrev/-/abbrev-1.1.1.tgz",
      "integrity": "sha512-nne9/IiQ/hzIhY6pdDnbBtz7DjPTKrY00P/zvPSm5pOFkl6xuGrGnXn/VtTNNfNtAfZ9/1RtehkszU9qcTii0Q=="
    },
    "blessed": {
      "version": "0.1.81",
      "resolved": "https://registry.npmjs.org/blessed/-/blessed-0.1.81.tgz",
      "integrity": "sha1-+WLWh+wsNpVwrnGvhDJW5tDKESk="
    },
    "eventemitter3": {
      "version": "4.0.7",
      "resolved": "https://registry.npmjs.org/eventemitter3/-/eventemitter3-4.0.7.tgz",
      "integrity": "sha512-8guHBZCwKnFhYdHr2ysuRWErTwhoN2X8XELRlrRwpmfeY2jjuUN4taQMsULKUVo1K4DvZl+0pgfyoysHxvmvEw=="
    },
    "follow-redirects": {
      "version": "1.13.0",
      "resolved": "https://registry.npmjs.org/follow-redirects/-/follow-redirects-1.13.0.tgz",
      "integrity": "sha512-aq6gF1BEKje4a9i9+5jimNFIpq4Q1WiwBToeRK5NvZBd/TRsmW8BsJfOEGkr76TbOyPVD3OVDN910EcUNtRYEA=="
    },
    "http-proxy": {
      "version": "1.18.1",
      "resolved": "https://registry.npmjs.org/http-proxy/-/http-proxy-1.18.1.tgz",
      "integrity": "sha512-7mz/721AbnJwIVbnaSv1Cz3Am0ZLT/UBwkC92VlxhXv/k/BBQfM2fXElQNC27BVGr0uwUpplYPQM9LnaBMR5NQ==",
      "requires": {
        "eventemitter3": "^4.0.0",
        "follow-redirects": "^1.0.0",
        "requires-port": "^1.0.0"
      }
    },
    "jwt-simple": {
      "version": "0.5.6",
      "resolved": "https://registry.npmjs.org/jwt-simple/-/jwt-simple-0.5.6.tgz",
      "integrity": "sha512-40aUybvhH9t2h71ncA1/1SbtTNCVZHgsTsTgqPUxGWDmUDrXyDf2wMNQKEbdBjbf4AI+fQhbECNTV6lWxQKUzg=="
    },
    "nopt": {
      "version": "5.0.0",
      "resolved": "https://registry.npmjs.org/nopt/-/nopt-5.0.0.tgz",
      "integrity": "sha512-Tbj67rffqceeLpcRXrT7vKAN8CwfPeIBgM7E6iBkmKLV7bEMwpGgYLGv0jACUsECaa/vuxP0IjEont6umdMgtQ==",
      "requires": {
        "abbrev": "1"
      }
    },
    "requires-port": {
      "version": "1.0.0",
      "resolved": "https://registry.npmjs.org/requires-port/-/requires-port-1.0.0.tgz",
      "integrity": "sha1-kl0mAdOaxIXgkc8NpcbmlNw9yv8="
    }
  }
}
